
Microsoft Visual Studio Solution File, Format Version 11.00
# Visual Studio 2010
Project("{8BC9CEB8-8B4A-11D0-8D11-00A0C91BC942}") = "star", "star\star.vcxproj", "{D9E8B194-DC4D-47E3-91E8-FA59A5D6B218}"
EndProject
Global
	GlobalSection(SolutionConfigurationPlatforms) = preSolution
		Debug|Win32 = Debug|Win32
		Release|Win32 = Release|Win32
	EndGlobalSection
	GlobalSection(ProjectConfigurationPlatforms) = postSolution
		{D9E8B194-DC4D-47E3-91E8-FA59A5D6B218}.Debug|Win32.ActiveCfg = Debug|Win32
		{D9E8B194-DC4D-47E3-91E8-FA59A5D6B218}.Debug|Win32.Build.0 = Debug|Win32
		{D9E8B194-DC4D-47E3-91E8-FA59A5D6B218}.Release|Win32.ActiveCfg = Release|Win32
		{D9E8B194-DC4D-47E3-91E8-FA59A5D6B218}.Release|Win32.Build.0 = Release|Win32
	EndGlobalSection
	GlobalSection(SolutionProperties) = preSolution
		HideSolutionNode = FALSE
	EndGlobalSection
EndGlobal
