
Microsoft Visual Studio Solution File, Format Version 11.00
# Visual Studio 2010
Project("{8BC9CEB8-8B4A-11D0-8D11-00A0C91BC942}") = "pentagon", "pentagon\pentagon.vcxproj", "{D42480C3-981E-4695-BBCC-3040485E7CDA}"
EndProject
Global
	GlobalSection(SolutionConfigurationPlatforms) = preSolution
		Debug|Win32 = Debug|Win32
		Release|Win32 = Release|Win32
	EndGlobalSection
	GlobalSection(ProjectConfigurationPlatforms) = postSolution
		{D42480C3-981E-4695-BBCC-3040485E7CDA}.Debug|Win32.ActiveCfg = Debug|Win32
		{D42480C3-981E-4695-BBCC-3040485E7CDA}.Debug|Win32.Build.0 = Debug|Win32
		{D42480C3-981E-4695-BBCC-3040485E7CDA}.Release|Win32.ActiveCfg = Release|Win32
		{D42480C3-981E-4695-BBCC-3040485E7CDA}.Release|Win32.Build.0 = Release|Win32
	EndGlobalSection
	GlobalSection(SolutionProperties) = preSolution
		HideSolutionNode = FALSE
	EndGlobalSection
EndGlobal
